
Microsoft Visual Studio Solution File, Format Version 12.00
# Visual Studio Version 16
VisualStudioVersion = 16.0.29326.143
MinimumVisualStudioVersion = 10.0.40219.1
Project("{9A19103F-16F7-4668-BE54-9A1E7A4F7556}") = "AzurePipelinesToGitHubActionsConverter.Core", "AzurePipelinesToGitHubActionsConverter.Core\AzurePipelinesToGitHubActionsConverter.Core.csproj", "{9243A833-7114-446F-8E2E-38C78965CDA8}"
EndProject
Project("{9A19103F-16F7-4668-BE54-9A1E7A4F7556}") = "AzurePipelinesToGitHubActionsConverter.Tests", "AzurePipelinesToGitHubActionsConverter.Tests\AzurePipelinesToGitHubActionsConverter.Tests.csproj", "{102D54AE-A0FB-4CE8-972E-5B0A4CF61F7A}"
EndProject
Project("{2150E333-8FDC-42A3-9474-1A3956D46DE8}") = "Solution Items", "Solution Items", "{90C45174-BE52-4642-BBB4-609E29A8CE48}"
	ProjectSection(SolutionItems) = preProject
		.editorconfig = .editorconfig
		..\.github\workflows\CI.yml = ..\.github\workflows\CI.yml
		..\.github\workflows\codeql-analysis.yml = ..\.github\workflows\codeql-analysis.yml
		..\.github\dependabot.yml = ..\.github\dependabot.yml
		..\GitVersion.yml = ..\GitVersion.yml
		..\README.md = ..\README.md
	EndProjectSection
EndProject
Global
	GlobalSection(SolutionConfigurationPlatforms) = preSolution
		Debug|Any CPU = Debug|Any CPU
		Release|Any CPU = Release|Any CPU
	EndGlobalSection
	GlobalSection(ProjectConfigurationPlatforms) = postSolution
		{9243A833-7114-446F-8E2E-38C78965CDA8}.Debug|Any CPU.ActiveCfg = Debug|Any CPU
		{9243A833-7114-446F-8E2E-38C78965CDA8}.Debug|Any CPU.Build.0 = Debug|Any CPU
		{9243A833-7114-446F-8E2E-38C78965CDA8}.Release|Any CPU.ActiveCfg = Release|Any CPU
		{9243A833-7114-446F-8E2E-38C78965CDA8}.Release|Any CPU.Build.0 = Release|Any CPU
		{102D54AE-A0FB-4CE8-972E-5B0A4CF61F7A}.Debug|Any CPU.ActiveCfg = Debug|Any CPU
		{102D54AE-A0FB-4CE8-972E-5B0A4CF61F7A}.Debug|Any CPU.Build.0 = Debug|Any CPU
		{102D54AE-A0FB-4CE8-972E-5B0A4CF61F7A}.Release|Any CPU.ActiveCfg = Release|Any CPU
		{102D54AE-A0FB-4CE8-972E-5B0A4CF61F7A}.Release|Any CPU.Build.0 = Release|Any CPU
	EndGlobalSection
	GlobalSection(SolutionProperties) = preSolution
		HideSolutionNode = FALSE
	EndGlobalSection
	GlobalSection(ExtensibilityGlobals) = postSolution
		SolutionGuid = {4D8E37AA-02EB-4C52-8143-11B8ED7BECAC}
	EndGlobalSection
EndGlobal
